{
  "pins" : [
    {
      "identity" : "loggerkit",
      "kind" : "remoteSourceControl",
      "location" : "https://github.com/pvieito/LoggerKit.git",
      "state" : {
        "branch" : "master",
        "revision" : "32680ce247721c879d3797c329904d3db720e551"
      }
    },
    {
      "identity" : "python-ios",
      "kind" : "remoteSourceControl",
      "location" : "https://github.com/kewlbear/Python-iOS.git",
      "state" : {
        "revision" : "ace19caa26a9fc7a1a666757852fd4f8050ac4df",
        "version" : "0.0.20211030092316"
      }
    },
    {
      "identity" : "pythonkit",
      "kind" : "remoteSourceControl",
      "location" : "https://github.com/kewlbear/PythonKit.git",
      "state" : {
        "branch" : "master",
        "revision" : "6caffb495e6315a00413f52cb034575965d40989"
      }
    },
    {
      "identity" : "rainbow",
      "kind" : "remoteSourceControl",
      "location" : "https://github.com/onevcat/Rainbow",
      "state" : {
        "revision" : "e0dada9cd44e3fa7ec3b867e49a8ddbf543e3df3",
        "version" : "4.0.1"
      }
    },
    {
      "identity" : "swift-argument-parser",
      "kind" : "remoteSourceControl",
      "location" : "https://github.com/apple/swift-argument-parser",
      "state" : {
        "branch" : "main",
        "revision" : "c5050aa63ed5bb23209e7120b7ff6618ee06e0ee"
      }
    }
  ],
  "version" : 2
}
